<?xml version="1.0" encoding="utf-8"?>
<Project ToolsVersion="4.0" xmlns="http://schemas.microsoft.com/developer/msbuild/2003">
  <ItemGroup>
    <ClCompile Include="Cartridge.cpp">
      <Filter>Hardware\Memory</Filter>
    </ClCompile>
    <ClCompile Include="pch.cpp">
      <Filter>Resources</Filter>
    </ClCompile>
    <ClCompile Include="MemoryMap.cpp">
      <Filter>Hardware\Memory</Filter>
    </ClCompile>
    <ClCompile Include="CPU.cpp">
      <Filter>Hardware\CPU</Filter>
    </ClCompile>
    <ClCompile Include="GameBoy.cpp">
      <Filter>Hardware</Filter>
    </ClCompile>
    <ClCompile Include="Registers.cpp">
      <Filter>Hardware\CPU</Filter>
    </ClCompile>
    <ClCompile Include="CPU.Instructions.cpp">
      <Filter>Hardware\CPU</Filter>
    </ClCompile>
    <ClCompile Include="GPU.cpp">
      <Filter>Hardware\GPU</Filter>
    </ClCompile>
    <ClCompile Include="IO.cpp">
      <Filter>Hardware\IO</Filter>
    </ClCompile>
    <ClCompile Include="Keypad.cpp">
      <Filter>Hardware\IO</Filter>
    </ClCompile>
    <ClCompile Include="Timer.cpp">
      <Filter>Hardware\IO</Filter>
    </ClCompile>
    <ClCompile Include="ObjectAttributeMemory.cpp">
      <Filter>Hardware\GPU</Filter>
    </ClCompile>
    <ClCompile Include="MemoryBankController.cpp">
      <Filter>Hardware\Memory</Filter>
    </ClCompile>
    <ClCompile Include="RealTimeClock.cpp">
      <Filter>Hardware\Memory</Filter>
    </ClCompile>
  </ItemGroup>
  <ItemGroup>
    <ClInclude Include="Cartridge.h">
      <Filter>Hardware\Memory</Filter>
    </ClInclude>
    <ClInclude Include="pch.h">
      <Filter>Resources</Filter>
    </ClInclude>
    <ClInclude Include="MemoryMap.h">
      <Filter>Hardware\Memory</Filter>
    </ClInclude>
    <ClInclude Include="CPU.h">
      <Filter>Hardware\CPU</Filter>
    </ClInclude>
    <ClInclude Include="GameBoy.h">
      <Filter>Hardware</Filter>
    </ClInclude>
    <ClInclude Include="Registers.h">
      <Filter>Hardware\CPU</Filter>
    </ClInclude>
    <ClInclude Include="Instruction.h">
      <Filter>Hardware\CPU</Filter>
    </ClInclude>
    <ClInclude Include="GPU.h">
      <Filter>Hardware\GPU</Filter>
    </ClInclude>
    <ClInclude Include="Utilities.h">
      <Filter>Resources</Filter>
    </ClInclude>
    <ClInclude Include="Keypad.h">
      <Filter>Hardware\IO</Filter>
    </ClInclude>
    <ClInclude Include="IO.h">
      <Filter>Hardware\IO</Filter>
    </ClInclude>
    <ClInclude Include="Timer.h">
      <Filter>Hardware\IO</Filter>
    </ClInclude>
    <ClInclude Include="SpriteAttributes.h">
      <Filter>Hardware\GPU</Filter>
    </ClInclude>
    <ClInclude Include="Display.h">
      <Filter>Hardware\GPU</Filter>
    </ClInclude>
    <ClInclude Include="Pallet.h">
      <Filter>Hardware\GPU</Filter>
    </ClInclude>
    <ClInclude Include="ObjectAttributeMemory.h">
      <Filter>Hardware\GPU</Filter>
    </ClInclude>
    <ClInclude Include="LCDControl.h">
      <Filter>Hardware\GPU</Filter>
    </ClInclude>
    <ClInclude Include="MemoryBankController.h">
      <Filter>Hardware\Memory</Filter>
    </ClInclude>
    <ClInclude Include="RealTimeClock.h">
      <Filter>Hardware\Memory</Filter>
    </ClInclude>
  </ItemGroup>
  <ItemGroup>
    <Filter Include="Hardware">
      <UniqueIdentifier>{ac61e29d-3cb4-4d22-b512-e9baca36cd7d}</UniqueIdentifier>
    </Filter>
    <Filter Include="Hardware\Memory">
      <UniqueIdentifier>{c31687a6-52f6-43d8-afc8-2586fd00ac19}</UniqueIdentifier>
    </Filter>
    <Filter Include="Resources">
      <UniqueIdentifier>{5b4ad85f-7b7e-4227-af17-e3c4d211ee36}</UniqueIdentifier>
    </Filter>
    <Filter Include="Hardware\CPU">
      <UniqueIdentifier>{4f713738-5388-406b-9de9-53b84a9d2bf6}</UniqueIdentifier>
    </Filter>
    <Filter Include="Hardware\GPU">
      <UniqueIdentifier>{61777cd3-cfcc-4679-a938-81ab42c10cbf}</UniqueIdentifier>
    </Filter>
    <Filter Include="Hardware\IO">
      <UniqueIdentifier>{81646926-a56a-4f64-b554-43839cb3ed18}</UniqueIdentifier>
    </Filter>
  </ItemGroup>
</Project>